Microsoft Visual Studio Solution File, Format Version 12.00
# Visual Studio Version 17
VisualStudioVersion = 17.5.2.0
MinimumVisualStudioVersion = 10.0.40219.1
Project("{2150E333-8FDC-42A3-9474-1A3956D46DE8}") = "week3", "week3", "{B97A94D1-D783-F34A-A832-561BBE27D2D2}"
EndProject
Project("{FAE04EC0-301F-11D3-BF4B-00C04F79EFBC}") = "ScriptureMemorizer", "week3\ScriptureMemorizer\ScriptureMemorizer.csproj", "{210DC39C-0CFE-81FD-643E-F7AE1E2046CE}"
EndProject
Global
	GlobalSection(SolutionConfigurationPlatforms) = preSolution
		Debug|Any CPU = Debug|Any CPU
		Release|Any CPU = Release|Any CPU
	EndGlobalSection
	GlobalSection(ProjectConfigurationPlatforms) = postSolution
		{210DC39C-0CFE-81FD-643E-F7AE1E2046CE}.Debug|Any CPU.ActiveCfg = Debug|Any CPU
		{210DC39C-0CFE-81FD-643E-F7AE1E2046CE}.Debug|Any CPU.Build.0 = Debug|Any CPU
		{210DC39C-0CFE-81FD-643E-F7AE1E2046CE}.Release|Any CPU.ActiveCfg = Release|Any CPU
		{210DC39C-0CFE-81FD-643E-F7AE1E2046CE}.Release|Any CPU.Build.0 = Release|Any CPU
	EndGlobalSection
	GlobalSection(SolutionProperties) = preSolution
		HideSolutionNode = FALSE
	EndGlobalSection
	GlobalSection(NestedProjects) = preSolution
		{210DC39C-0CFE-81FD-643E-F7AE1E2046CE} = {B97A94D1-D783-F34A-A832-561BBE27D2D2}
	EndGlobalSection
	GlobalSection(ExtensibilityGlobals) = postSolution
		SolutionGuid = {DADE5C0D-8C67-4B03-A78C-D4DC7AEF3D7C}
	EndGlobalSection
EndGlobal
